
Microsoft Visual Studio Solution File, Format Version 12.00
# Visual Studio Version 17
VisualStudioVersion = 17.0.32126.317
MinimumVisualStudioVersion = 10.0.40219.1
Project("{FAE04EC0-301F-11D3-BF4B-00C04F79EFBC}") = "InheritanceDemo5", "InheritanceDemo5\InheritanceDemo5.csproj", "{C82B4BE6-DCEC-4BBD-9368-392079994129}"
EndProject
Global
	GlobalSection(SolutionConfigurationPlatforms) = preSolution
		Debug|Any CPU = Debug|Any CPU
		Release|Any CPU = Release|Any CPU
	EndGlobalSection
	GlobalSection(ProjectConfigurationPlatforms) = postSolution
		{C82B4BE6-DCEC-4BBD-9368-392079994129}.Debug|Any CPU.ActiveCfg = Debug|Any CPU
		{C82B4BE6-DCEC-4BBD-9368-392079994129}.Debug|Any CPU.Build.0 = Debug|Any CPU
		{C82B4BE6-DCEC-4BBD-9368-392079994129}.Release|Any CPU.ActiveCfg = Release|Any CPU
		{C82B4BE6-DCEC-4BBD-9368-392079994129}.Release|Any CPU.Build.0 = Release|Any CPU
	EndGlobalSection
	GlobalSection(SolutionProperties) = preSolution
		HideSolutionNode = FALSE
	EndGlobalSection
	GlobalSection(ExtensibilityGlobals) = postSolution
		SolutionGuid = {AAB7EC67-3163-4908-9D47-813B664F0C9F}
	EndGlobalSection
EndGlobal
