
Microsoft Visual Studio Solution File, Format Version 12.00
# Visual Studio Version 17
VisualStudioVersion = 17.1.32210.238
MinimumVisualStudioVersion = 10.0.40219.1
Project("{FAE04EC0-301F-11D3-BF4B-00C04F79EFBC}") = "String_Demo1", "String_Demo1\String_Demo1.csproj", "{ED6457A7-12C0-464F-AFB0-FA8F5DA26027}"
EndProject
Global
	GlobalSection(SolutionConfigurationPlatforms) = preSolution
		Debug|Any CPU = Debug|Any CPU
		Release|Any CPU = Release|Any CPU
	EndGlobalSection
	GlobalSection(ProjectConfigurationPlatforms) = postSolution
		{ED6457A7-12C0-464F-AFB0-FA8F5DA26027}.Debug|Any CPU.ActiveCfg = Debug|Any CPU
		{ED6457A7-12C0-464F-AFB0-FA8F5DA26027}.Debug|Any CPU.Build.0 = Debug|Any CPU
		{ED6457A7-12C0-464F-AFB0-FA8F5DA26027}.Release|Any CPU.ActiveCfg = Release|Any CPU
		{ED6457A7-12C0-464F-AFB0-FA8F5DA26027}.Release|Any CPU.Build.0 = Release|Any CPU
	EndGlobalSection
	GlobalSection(SolutionProperties) = preSolution
		HideSolutionNode = FALSE
	EndGlobalSection
	GlobalSection(ExtensibilityGlobals) = postSolution
		SolutionGuid = {39763378-0790-487B-8A2D-08B149CCF093}
	EndGlobalSection
EndGlobal
