
Microsoft Visual Studio Solution File, Format Version 12.00
# Visual Studio Version 17
VisualStudioVersion = 17.1.32210.238
MinimumVisualStudioVersion = 10.0.40219.1
Project("{FAE04EC0-301F-11D3-BF4B-00C04F79EFBC}") = "DelegateGeneric", "DelegateGeneric\DelegateGeneric.csproj", "{7CCAA85D-8E4E-4603-A5F5-083EFEF86C8F}"
EndProject
Global
	GlobalSection(SolutionConfigurationPlatforms) = preSolution
		Debug|Any CPU = Debug|Any CPU
		Release|Any CPU = Release|Any CPU
	EndGlobalSection
	GlobalSection(ProjectConfigurationPlatforms) = postSolution
		{7CCAA85D-8E4E-4603-A5F5-083EFEF86C8F}.Debug|Any CPU.ActiveCfg = Debug|Any CPU
		{7CCAA85D-8E4E-4603-A5F5-083EFEF86C8F}.Debug|Any CPU.Build.0 = Debug|Any CPU
		{7CCAA85D-8E4E-4603-A5F5-083EFEF86C8F}.Release|Any CPU.ActiveCfg = Release|Any CPU
		{7CCAA85D-8E4E-4603-A5F5-083EFEF86C8F}.Release|Any CPU.Build.0 = Release|Any CPU
	EndGlobalSection
	GlobalSection(SolutionProperties) = preSolution
		HideSolutionNode = FALSE
	EndGlobalSection
	GlobalSection(ExtensibilityGlobals) = postSolution
		SolutionGuid = {B2809064-9D61-4E4D-B041-578C3C89DF77}
	EndGlobalSection
EndGlobal
