
Microsoft Visual Studio Solution File, Format Version 12.00
# Visual Studio Version 17
VisualStudioVersion = 17.1.32210.238
MinimumVisualStudioVersion = 10.0.40219.1
Project("{FAE04EC0-301F-11D3-BF4B-00C04F79EFBC}") = "Test", "Test\Test.csproj", "{CBE19083-54A1-4A25-BD3A-E0B492E8EA5A}"
EndProject
Global
	GlobalSection(SolutionConfigurationPlatforms) = preSolution
		Debug|Any CPU = Debug|Any CPU
		Release|Any CPU = Release|Any CPU
	EndGlobalSection
	GlobalSection(ProjectConfigurationPlatforms) = postSolution
		{CBE19083-54A1-4A25-BD3A-E0B492E8EA5A}.Debug|Any CPU.ActiveCfg = Debug|Any CPU
		{CBE19083-54A1-4A25-BD3A-E0B492E8EA5A}.Debug|Any CPU.Build.0 = Debug|Any CPU
		{CBE19083-54A1-4A25-BD3A-E0B492E8EA5A}.Release|Any CPU.ActiveCfg = Release|Any CPU
		{CBE19083-54A1-4A25-BD3A-E0B492E8EA5A}.Release|Any CPU.Build.0 = Release|Any CPU
	EndGlobalSection
	GlobalSection(SolutionProperties) = preSolution
		HideSolutionNode = FALSE
	EndGlobalSection
	GlobalSection(ExtensibilityGlobals) = postSolution
		SolutionGuid = {5806B028-8ED3-41D7-88CC-E46AD18C4B53}
	EndGlobalSection
EndGlobal
