
Microsoft Visual Studio Solution File, Format Version 12.00
# Visual Studio Version 17
VisualStudioVersion = 17.1.32210.238
MinimumVisualStudioVersion = 10.0.40219.1
Project("{FAE04EC0-301F-11D3-BF4B-00C04F79EFBC}") = "LinkedListDemo1", "LinkedListDemo1\LinkedListDemo1.csproj", "{1E84DBF0-7148-435C-84D3-1687C0EED08C}"
EndProject
Global
	GlobalSection(SolutionConfigurationPlatforms) = preSolution
		Debug|Any CPU = Debug|Any CPU
		Release|Any CPU = Release|Any CPU
	EndGlobalSection
	GlobalSection(ProjectConfigurationPlatforms) = postSolution
		{1E84DBF0-7148-435C-84D3-1687C0EED08C}.Debug|Any CPU.ActiveCfg = Debug|Any CPU
		{1E84DBF0-7148-435C-84D3-1687C0EED08C}.Debug|Any CPU.Build.0 = Debug|Any CPU
		{1E84DBF0-7148-435C-84D3-1687C0EED08C}.Release|Any CPU.ActiveCfg = Release|Any CPU
		{1E84DBF0-7148-435C-84D3-1687C0EED08C}.Release|Any CPU.Build.0 = Release|Any CPU
	EndGlobalSection
	GlobalSection(SolutionProperties) = preSolution
		HideSolutionNode = FALSE
	EndGlobalSection
	GlobalSection(ExtensibilityGlobals) = postSolution
		SolutionGuid = {55832F09-CDCC-44FE-87DB-88E5FA6BE2D1}
	EndGlobalSection
EndGlobal
