
Microsoft Visual Studio Solution File, Format Version 12.00
# Visual Studio Version 17
VisualStudioVersion = 17.1.32228.430
MinimumVisualStudioVersion = 10.0.40219.1
Project("{FAE04EC0-301F-11D3-BF4B-00C04F79EFBC}") = "LinqDemo(Conversion_Operator)", "LinqDemo(Conversion_Operator)\LinqDemo(Conversion_Operator).csproj", "{CBF188C5-6717-4379-94FE-F481CE531A45}"
EndProject
Global
	GlobalSection(SolutionConfigurationPlatforms) = preSolution
		Debug|Any CPU = Debug|Any CPU
		Release|Any CPU = Release|Any CPU
	EndGlobalSection
	GlobalSection(ProjectConfigurationPlatforms) = postSolution
		{CBF188C5-6717-4379-94FE-F481CE531A45}.Debug|Any CPU.ActiveCfg = Debug|Any CPU
		{CBF188C5-6717-4379-94FE-F481CE531A45}.Debug|Any CPU.Build.0 = Debug|Any CPU
		{CBF188C5-6717-4379-94FE-F481CE531A45}.Release|Any CPU.ActiveCfg = Release|Any CPU
		{CBF188C5-6717-4379-94FE-F481CE531A45}.Release|Any CPU.Build.0 = Release|Any CPU
	EndGlobalSection
	GlobalSection(SolutionProperties) = preSolution
		HideSolutionNode = FALSE
	EndGlobalSection
	GlobalSection(ExtensibilityGlobals) = postSolution
		SolutionGuid = {F60108F6-8470-4EF5-B919-AB34FD8F589C}
	EndGlobalSection
EndGlobal
