
Microsoft Visual Studio Solution File, Format Version 12.00
# Visual Studio Version 17
VisualStudioVersion = 17.0.32126.317
MinimumVisualStudioVersion = 10.0.40219.1
Project("{FAE04EC0-301F-11D3-BF4B-00C04F79EFBC}") = "InputDisplay", "InputDisplay\InputDisplay.csproj", "{FF6E6202-9696-4C22-8D9C-A8DD8910802F}"
EndProject
Global
	GlobalSection(SolutionConfigurationPlatforms) = preSolution
		Debug|Any CPU = Debug|Any CPU
		Release|Any CPU = Release|Any CPU
	EndGlobalSection
	GlobalSection(ProjectConfigurationPlatforms) = postSolution
		{FF6E6202-9696-4C22-8D9C-A8DD8910802F}.Debug|Any CPU.ActiveCfg = Debug|Any CPU
		{FF6E6202-9696-4C22-8D9C-A8DD8910802F}.Debug|Any CPU.Build.0 = Debug|Any CPU
		{FF6E6202-9696-4C22-8D9C-A8DD8910802F}.Release|Any CPU.ActiveCfg = Release|Any CPU
		{FF6E6202-9696-4C22-8D9C-A8DD8910802F}.Release|Any CPU.Build.0 = Release|Any CPU
	EndGlobalSection
	GlobalSection(SolutionProperties) = preSolution
		HideSolutionNode = FALSE
	EndGlobalSection
	GlobalSection(ExtensibilityGlobals) = postSolution
		SolutionGuid = {B4852028-FF83-4D73-8CD2-2B6758CD98B0}
	EndGlobalSection
EndGlobal
