
Microsoft Visual Studio Solution File, Format Version 12.00
# Visual Studio Version 17
VisualStudioVersion = 17.1.32210.238
MinimumVisualStudioVersion = 10.0.40219.1
Project("{FAE04EC0-301F-11D3-BF4B-00C04F79EFBC}") = "GenericClassDemo1", "GenericClassDemo1\GenericClassDemo1.csproj", "{6830AFD5-765A-4768-86C9-C349585B6B8D}"
EndProject
Global
	GlobalSection(SolutionConfigurationPlatforms) = preSolution
		Debug|Any CPU = Debug|Any CPU
		Release|Any CPU = Release|Any CPU
	EndGlobalSection
	GlobalSection(ProjectConfigurationPlatforms) = postSolution
		{6830AFD5-765A-4768-86C9-C349585B6B8D}.Debug|Any CPU.ActiveCfg = Debug|Any CPU
		{6830AFD5-765A-4768-86C9-C349585B6B8D}.Debug|Any CPU.Build.0 = Debug|Any CPU
		{6830AFD5-765A-4768-86C9-C349585B6B8D}.Release|Any CPU.ActiveCfg = Release|Any CPU
		{6830AFD5-765A-4768-86C9-C349585B6B8D}.Release|Any CPU.Build.0 = Release|Any CPU
	EndGlobalSection
	GlobalSection(SolutionProperties) = preSolution
		HideSolutionNode = FALSE
	EndGlobalSection
	GlobalSection(ExtensibilityGlobals) = postSolution
		SolutionGuid = {990075D7-B56D-4094-9AB1-752240879678}
	EndGlobalSection
EndGlobal
