
Microsoft Visual Studio Solution File, Format Version 12.00
# Visual Studio Version 17
VisualStudioVersion = 17.1.32210.238
MinimumVisualStudioVersion = 10.0.40219.1
Project("{FAE04EC0-301F-11D3-BF4B-00C04F79EFBC}") = "Linq_Demo_ofType", "Linq_Demo_ofType\Linq_Demo_ofType.csproj", "{99ECCCA6-98DE-4F61-9333-81C14FCF69C4}"
EndProject
Global
	GlobalSection(SolutionConfigurationPlatforms) = preSolution
		Debug|Any CPU = Debug|Any CPU
		Release|Any CPU = Release|Any CPU
	EndGlobalSection
	GlobalSection(ProjectConfigurationPlatforms) = postSolution
		{99ECCCA6-98DE-4F61-9333-81C14FCF69C4}.Debug|Any CPU.ActiveCfg = Debug|Any CPU
		{99ECCCA6-98DE-4F61-9333-81C14FCF69C4}.Debug|Any CPU.Build.0 = Debug|Any CPU
		{99ECCCA6-98DE-4F61-9333-81C14FCF69C4}.Release|Any CPU.ActiveCfg = Release|Any CPU
		{99ECCCA6-98DE-4F61-9333-81C14FCF69C4}.Release|Any CPU.Build.0 = Release|Any CPU
	EndGlobalSection
	GlobalSection(SolutionProperties) = preSolution
		HideSolutionNode = FALSE
	EndGlobalSection
	GlobalSection(ExtensibilityGlobals) = postSolution
		SolutionGuid = {32ED1C45-CE8D-452E-B94F-54F3132E998B}
	EndGlobalSection
EndGlobal
