
Microsoft Visual Studio Solution File, Format Version 12.00
# Visual Studio Version 17
VisualStudioVersion = 17.1.32210.238
MinimumVisualStudioVersion = 10.0.40219.1
Project("{FAE04EC0-301F-11D3-BF4B-00C04F79EFBC}") = "TupleClassDemo3(UsingStatic)", "TupleClassDemo3(UsingStatic)\TupleClassDemo3(UsingStatic).csproj", "{010D771A-2639-4755-809A-27DB9054E143}"
EndProject
Global
	GlobalSection(SolutionConfigurationPlatforms) = preSolution
		Debug|Any CPU = Debug|Any CPU
		Release|Any CPU = Release|Any CPU
	EndGlobalSection
	GlobalSection(ProjectConfigurationPlatforms) = postSolution
		{010D771A-2639-4755-809A-27DB9054E143}.Debug|Any CPU.ActiveCfg = Debug|Any CPU
		{010D771A-2639-4755-809A-27DB9054E143}.Debug|Any CPU.Build.0 = Debug|Any CPU
		{010D771A-2639-4755-809A-27DB9054E143}.Release|Any CPU.ActiveCfg = Release|Any CPU
		{010D771A-2639-4755-809A-27DB9054E143}.Release|Any CPU.Build.0 = Release|Any CPU
	EndGlobalSection
	GlobalSection(SolutionProperties) = preSolution
		HideSolutionNode = FALSE
	EndGlobalSection
	GlobalSection(ExtensibilityGlobals) = postSolution
		SolutionGuid = {AE7E3A2A-9629-4FB6-B59E-548198E0CF82}
	EndGlobalSection
EndGlobal
