
Microsoft Visual Studio Solution File, Format Version 12.00
# Visual Studio Version 17
VisualStudioVersion = 17.1.32210.238
MinimumVisualStudioVersion = 10.0.40219.1
Project("{FAE04EC0-301F-11D3-BF4B-00C04F79EFBC}") = "DelegateGenericDemo2", "DelegateGenericDemo2\DelegateGenericDemo2.csproj", "{F8E552EF-CEA6-4030-B664-C6016F564CD3}"
EndProject
Global
	GlobalSection(SolutionConfigurationPlatforms) = preSolution
		Debug|Any CPU = Debug|Any CPU
		Release|Any CPU = Release|Any CPU
	EndGlobalSection
	GlobalSection(ProjectConfigurationPlatforms) = postSolution
		{F8E552EF-CEA6-4030-B664-C6016F564CD3}.Debug|Any CPU.ActiveCfg = Debug|Any CPU
		{F8E552EF-CEA6-4030-B664-C6016F564CD3}.Debug|Any CPU.Build.0 = Debug|Any CPU
		{F8E552EF-CEA6-4030-B664-C6016F564CD3}.Release|Any CPU.ActiveCfg = Release|Any CPU
		{F8E552EF-CEA6-4030-B664-C6016F564CD3}.Release|Any CPU.Build.0 = Release|Any CPU
	EndGlobalSection
	GlobalSection(SolutionProperties) = preSolution
		HideSolutionNode = FALSE
	EndGlobalSection
	GlobalSection(ExtensibilityGlobals) = postSolution
		SolutionGuid = {C7345191-BEED-4D40-822C-9BEAAAA4E940}
	EndGlobalSection
EndGlobal
