
Microsoft Visual Studio Solution File, Format Version 12.00
# Visual Studio Version 17
VisualStudioVersion = 17.0.32126.317
MinimumVisualStudioVersion = 10.0.40219.1
Project("{FAE04EC0-301F-11D3-BF4B-00C04F79EFBC}") = "MultiLevelInheritanceDemo1", "MultiLevelInheritanceDemo1\MultiLevelInheritanceDemo1.csproj", "{2449FA30-793A-4040-AB77-697F124020FE}"
EndProject
Global
	GlobalSection(SolutionConfigurationPlatforms) = preSolution
		Debug|Any CPU = Debug|Any CPU
		Release|Any CPU = Release|Any CPU
	EndGlobalSection
	GlobalSection(ProjectConfigurationPlatforms) = postSolution
		{2449FA30-793A-4040-AB77-697F124020FE}.Debug|Any CPU.ActiveCfg = Debug|Any CPU
		{2449FA30-793A-4040-AB77-697F124020FE}.Debug|Any CPU.Build.0 = Debug|Any CPU
		{2449FA30-793A-4040-AB77-697F124020FE}.Release|Any CPU.ActiveCfg = Release|Any CPU
		{2449FA30-793A-4040-AB77-697F124020FE}.Release|Any CPU.Build.0 = Release|Any CPU
	EndGlobalSection
	GlobalSection(SolutionProperties) = preSolution
		HideSolutionNode = FALSE
	EndGlobalSection
	GlobalSection(ExtensibilityGlobals) = postSolution
		SolutionGuid = {D735CCB8-13ED-4CCD-B049-17C549B4FDE6}
	EndGlobalSection
EndGlobal
