
Microsoft Visual Studio Solution File, Format Version 12.00
# Visual Studio Version 17
VisualStudioVersion = 17.1.32210.238
MinimumVisualStudioVersion = 10.0.40219.1
Project("{FAE04EC0-301F-11D3-BF4B-00C04F79EFBC}") = "FileDemo5(TextWriterClass)", "FileDemo5(TextWriterClass)\FileDemo5(TextWriterClass).csproj", "{0C5F2B71-5B4F-4419-BB10-C91FED00A492}"
EndProject
Global
	GlobalSection(SolutionConfigurationPlatforms) = preSolution
		Debug|Any CPU = Debug|Any CPU
		Release|Any CPU = Release|Any CPU
	EndGlobalSection
	GlobalSection(ProjectConfigurationPlatforms) = postSolution
		{0C5F2B71-5B4F-4419-BB10-C91FED00A492}.Debug|Any CPU.ActiveCfg = Debug|Any CPU
		{0C5F2B71-5B4F-4419-BB10-C91FED00A492}.Debug|Any CPU.Build.0 = Debug|Any CPU
		{0C5F2B71-5B4F-4419-BB10-C91FED00A492}.Release|Any CPU.ActiveCfg = Release|Any CPU
		{0C5F2B71-5B4F-4419-BB10-C91FED00A492}.Release|Any CPU.Build.0 = Release|Any CPU
	EndGlobalSection
	GlobalSection(SolutionProperties) = preSolution
		HideSolutionNode = FALSE
	EndGlobalSection
	GlobalSection(ExtensibilityGlobals) = postSolution
		SolutionGuid = {BFA2EA7E-D653-481D-8FF4-CE2629D12FC6}
	EndGlobalSection
EndGlobal
