
Microsoft Visual Studio Solution File, Format Version 12.00
# Visual Studio Version 17
VisualStudioVersion = 17.1.32210.238
MinimumVisualStudioVersion = 10.0.40219.1
Project("{FAE04EC0-301F-11D3-BF4B-00C04F79EFBC}") = "Interfac demo 1", "Interfac demo 1\Interfac demo 1.csproj", "{A6FC7BCC-86E6-401E-BB78-375A84143101}"
EndProject
Global
	GlobalSection(SolutionConfigurationPlatforms) = preSolution
		Debug|Any CPU = Debug|Any CPU
		Release|Any CPU = Release|Any CPU
	EndGlobalSection
	GlobalSection(ProjectConfigurationPlatforms) = postSolution
		{A6FC7BCC-86E6-401E-BB78-375A84143101}.Debug|Any CPU.ActiveCfg = Debug|Any CPU
		{A6FC7BCC-86E6-401E-BB78-375A84143101}.Debug|Any CPU.Build.0 = Debug|Any CPU
		{A6FC7BCC-86E6-401E-BB78-375A84143101}.Release|Any CPU.ActiveCfg = Release|Any CPU
		{A6FC7BCC-86E6-401E-BB78-375A84143101}.Release|Any CPU.Build.0 = Release|Any CPU
	EndGlobalSection
	GlobalSection(SolutionProperties) = preSolution
		HideSolutionNode = FALSE
	EndGlobalSection
	GlobalSection(ExtensibilityGlobals) = postSolution
		SolutionGuid = {AD304FA1-E37D-4F07-ACD9-CF37EB873E19}
	EndGlobalSection
EndGlobal
