
Microsoft Visual Studio Solution File, Format Version 12.00
# Visual Studio Version 17
VisualStudioVersion = 17.0.32126.317
MinimumVisualStudioVersion = 10.0.40219.1
Project("{FAE04EC0-301F-11D3-BF4B-00C04F79EFBC}") = "OOP_Demo_1", "OOP_Demo_1\OOP_Demo_1.csproj", "{83FA7362-678E-47ED-8461-0A68B2F69579}"
EndProject
Global
	GlobalSection(SolutionConfigurationPlatforms) = preSolution
		Debug|Any CPU = Debug|Any CPU
		Release|Any CPU = Release|Any CPU
	EndGlobalSection
	GlobalSection(ProjectConfigurationPlatforms) = postSolution
		{83FA7362-678E-47ED-8461-0A68B2F69579}.Debug|Any CPU.ActiveCfg = Debug|Any CPU
		{83FA7362-678E-47ED-8461-0A68B2F69579}.Debug|Any CPU.Build.0 = Debug|Any CPU
		{83FA7362-678E-47ED-8461-0A68B2F69579}.Release|Any CPU.ActiveCfg = Release|Any CPU
		{83FA7362-678E-47ED-8461-0A68B2F69579}.Release|Any CPU.Build.0 = Release|Any CPU
	EndGlobalSection
	GlobalSection(SolutionProperties) = preSolution
		HideSolutionNode = FALSE
	EndGlobalSection
	GlobalSection(ExtensibilityGlobals) = postSolution
		SolutionGuid = {29F4616B-894B-4EB9-AC41-6CC19F2C6C40}
	EndGlobalSection
EndGlobal
