
Microsoft Visual Studio Solution File, Format Version 12.00
# Visual Studio Version 17
VisualStudioVersion = 17.1.32210.238
MinimumVisualStudioVersion = 10.0.40219.1
Project("{FAE04EC0-301F-11D3-BF4B-00C04F79EFBC}") = "InterfaceDemo3", "InterfaceDemo3\InterfaceDemo3.csproj", "{F480A9E3-5985-41EC-8A42-63FFA84F811E}"
EndProject
Global
	GlobalSection(SolutionConfigurationPlatforms) = preSolution
		Debug|Any CPU = Debug|Any CPU
		Release|Any CPU = Release|Any CPU
	EndGlobalSection
	GlobalSection(ProjectConfigurationPlatforms) = postSolution
		{F480A9E3-5985-41EC-8A42-63FFA84F811E}.Debug|Any CPU.ActiveCfg = Debug|Any CPU
		{F480A9E3-5985-41EC-8A42-63FFA84F811E}.Debug|Any CPU.Build.0 = Debug|Any CPU
		{F480A9E3-5985-41EC-8A42-63FFA84F811E}.Release|Any CPU.ActiveCfg = Release|Any CPU
		{F480A9E3-5985-41EC-8A42-63FFA84F811E}.Release|Any CPU.Build.0 = Release|Any CPU
	EndGlobalSection
	GlobalSection(SolutionProperties) = preSolution
		HideSolutionNode = FALSE
	EndGlobalSection
	GlobalSection(ExtensibilityGlobals) = postSolution
		SolutionGuid = {25E00CD6-A259-484E-B7B9-41A5588DAD1F}
	EndGlobalSection
EndGlobal
