
Microsoft Visual Studio Solution File, Format Version 12.00
# Visual Studio Version 17
VisualStudioVersion = 17.0.32126.317
MinimumVisualStudioVersion = 10.0.40219.1
Project("{FAE04EC0-301F-11D3-BF4B-00C04F79EFBC}") = "ArithmaticalDemo", "ArithmaticalDemo\ArithmaticalDemo.csproj", "{3B8E47C0-6451-442B-8B1F-1F98298F878F}"
EndProject
Global
	GlobalSection(SolutionConfigurationPlatforms) = preSolution
		Debug|Any CPU = Debug|Any CPU
		Release|Any CPU = Release|Any CPU
	EndGlobalSection
	GlobalSection(ProjectConfigurationPlatforms) = postSolution
		{3B8E47C0-6451-442B-8B1F-1F98298F878F}.Debug|Any CPU.ActiveCfg = Debug|Any CPU
		{3B8E47C0-6451-442B-8B1F-1F98298F878F}.Debug|Any CPU.Build.0 = Debug|Any CPU
		{3B8E47C0-6451-442B-8B1F-1F98298F878F}.Release|Any CPU.ActiveCfg = Release|Any CPU
		{3B8E47C0-6451-442B-8B1F-1F98298F878F}.Release|Any CPU.Build.0 = Release|Any CPU
	EndGlobalSection
	GlobalSection(SolutionProperties) = preSolution
		HideSolutionNode = FALSE
	EndGlobalSection
	GlobalSection(ExtensibilityGlobals) = postSolution
		SolutionGuid = {E9C4FF46-3B0E-4C08-BB24-A782F2048E42}
	EndGlobalSection
EndGlobal
