
Microsoft Visual Studio Solution File, Format Version 12.00
# Visual Studio Version 17
VisualStudioVersion = 17.1.32210.238
MinimumVisualStudioVersion = 10.0.40219.1
Project("{FAE04EC0-301F-11D3-BF4B-00C04F79EFBC}") = "FileDemo8(WriteInFile)", "FileDemo8(WriteInFile)\FileDemo8(WriteInFile).csproj", "{9829C1F9-907D-4FC6-8CEE-3FA3D7A9E8C8}"
EndProject
Global
	GlobalSection(SolutionConfigurationPlatforms) = preSolution
		Debug|Any CPU = Debug|Any CPU
		Release|Any CPU = Release|Any CPU
	EndGlobalSection
	GlobalSection(ProjectConfigurationPlatforms) = postSolution
		{9829C1F9-907D-4FC6-8CEE-3FA3D7A9E8C8}.Debug|Any CPU.ActiveCfg = Debug|Any CPU
		{9829C1F9-907D-4FC6-8CEE-3FA3D7A9E8C8}.Debug|Any CPU.Build.0 = Debug|Any CPU
		{9829C1F9-907D-4FC6-8CEE-3FA3D7A9E8C8}.Release|Any CPU.ActiveCfg = Release|Any CPU
		{9829C1F9-907D-4FC6-8CEE-3FA3D7A9E8C8}.Release|Any CPU.Build.0 = Release|Any CPU
	EndGlobalSection
	GlobalSection(SolutionProperties) = preSolution
		HideSolutionNode = FALSE
	EndGlobalSection
	GlobalSection(ExtensibilityGlobals) = postSolution
		SolutionGuid = {E4AC3449-A3A9-42D0-8345-B3FEFEF59635}
	EndGlobalSection
EndGlobal
