
Microsoft Visual Studio Solution File, Format Version 12.00
# Visual Studio Version 17
VisualStudioVersion = 17.0.32126.317
MinimumVisualStudioVersion = 10.0.40219.1
Project("{FAE04EC0-301F-11D3-BF4B-00C04F79EFBC}") = "InheritanceDemo4", "InheritanceDemo4\InheritanceDemo4.csproj", "{20A03A76-F5DC-4574-8309-AB5B3528B155}"
EndProject
Global
	GlobalSection(SolutionConfigurationPlatforms) = preSolution
		Debug|Any CPU = Debug|Any CPU
		Release|Any CPU = Release|Any CPU
	EndGlobalSection
	GlobalSection(ProjectConfigurationPlatforms) = postSolution
		{20A03A76-F5DC-4574-8309-AB5B3528B155}.Debug|Any CPU.ActiveCfg = Debug|Any CPU
		{20A03A76-F5DC-4574-8309-AB5B3528B155}.Debug|Any CPU.Build.0 = Debug|Any CPU
		{20A03A76-F5DC-4574-8309-AB5B3528B155}.Release|Any CPU.ActiveCfg = Release|Any CPU
		{20A03A76-F5DC-4574-8309-AB5B3528B155}.Release|Any CPU.Build.0 = Release|Any CPU
	EndGlobalSection
	GlobalSection(SolutionProperties) = preSolution
		HideSolutionNode = FALSE
	EndGlobalSection
	GlobalSection(ExtensibilityGlobals) = postSolution
		SolutionGuid = {F7775228-34AD-4765-AF4D-E709B304D48D}
	EndGlobalSection
EndGlobal
