
Microsoft Visual Studio Solution File, Format Version 12.00
# Visual Studio Version 17
VisualStudioVersion = 17.0.32126.317
MinimumVisualStudioVersion = 10.0.40219.1
Project("{FAE04EC0-301F-11D3-BF4B-00C04F79EFBC}") = "Project Demo", "Project Demo\Project Demo.csproj", "{00F39DFA-1889-4CF9-8F54-D8E867C1ABEE}"
EndProject
Global
	GlobalSection(SolutionConfigurationPlatforms) = preSolution
		Debug|Any CPU = Debug|Any CPU
		Release|Any CPU = Release|Any CPU
	EndGlobalSection
	GlobalSection(ProjectConfigurationPlatforms) = postSolution
		{00F39DFA-1889-4CF9-8F54-D8E867C1ABEE}.Debug|Any CPU.ActiveCfg = Debug|Any CPU
		{00F39DFA-1889-4CF9-8F54-D8E867C1ABEE}.Debug|Any CPU.Build.0 = Debug|Any CPU
		{00F39DFA-1889-4CF9-8F54-D8E867C1ABEE}.Release|Any CPU.ActiveCfg = Release|Any CPU
		{00F39DFA-1889-4CF9-8F54-D8E867C1ABEE}.Release|Any CPU.Build.0 = Release|Any CPU
	EndGlobalSection
	GlobalSection(SolutionProperties) = preSolution
		HideSolutionNode = FALSE
	EndGlobalSection
	GlobalSection(ExtensibilityGlobals) = postSolution
		SolutionGuid = {50A0D5B0-71C3-46D5-9C20-B5012E8E5EA9}
	EndGlobalSection
EndGlobal
