
Microsoft Visual Studio Solution File, Format Version 12.00
# Visual Studio Version 17
VisualStudioVersion = 17.0.32126.317
MinimumVisualStudioVersion = 10.0.40219.1
Project("{FAE04EC0-301F-11D3-BF4B-00C04F79EFBC}") = "firstConsoleApplication", "firstConsoleApplication\firstConsoleApplication.csproj", "{233D53DB-AD74-49FB-BE13-8BA6CF0908B0}"
EndProject
Global
	GlobalSection(SolutionConfigurationPlatforms) = preSolution
		Debug|Any CPU = Debug|Any CPU
		Release|Any CPU = Release|Any CPU
	EndGlobalSection
	GlobalSection(ProjectConfigurationPlatforms) = postSolution
		{233D53DB-AD74-49FB-BE13-8BA6CF0908B0}.Debug|Any CPU.ActiveCfg = Debug|Any CPU
		{233D53DB-AD74-49FB-BE13-8BA6CF0908B0}.Debug|Any CPU.Build.0 = Debug|Any CPU
		{233D53DB-AD74-49FB-BE13-8BA6CF0908B0}.Release|Any CPU.ActiveCfg = Release|Any CPU
		{233D53DB-AD74-49FB-BE13-8BA6CF0908B0}.Release|Any CPU.Build.0 = Release|Any CPU
	EndGlobalSection
	GlobalSection(SolutionProperties) = preSolution
		HideSolutionNode = FALSE
	EndGlobalSection
	GlobalSection(ExtensibilityGlobals) = postSolution
		SolutionGuid = {068413F7-7330-43FE-880F-52519036F9EC}
	EndGlobalSection
EndGlobal
