
Microsoft Visual Studio Solution File, Format Version 12.00
# Visual Studio Version 17
VisualStudioVersion = 17.1.32210.238
MinimumVisualStudioVersion = 10.0.40219.1
Project("{FAE04EC0-301F-11D3-BF4B-00C04F79EFBC}") = "ThreadPropertyDemo1", "ThreadPropertyDemo1\ThreadPropertyDemo1.csproj", "{BE95FEAE-241C-4DDE-9F8F-12C9225650C1}"
EndProject
Global
	GlobalSection(SolutionConfigurationPlatforms) = preSolution
		Debug|Any CPU = Debug|Any CPU
		Release|Any CPU = Release|Any CPU
	EndGlobalSection
	GlobalSection(ProjectConfigurationPlatforms) = postSolution
		{BE95FEAE-241C-4DDE-9F8F-12C9225650C1}.Debug|Any CPU.ActiveCfg = Debug|Any CPU
		{BE95FEAE-241C-4DDE-9F8F-12C9225650C1}.Debug|Any CPU.Build.0 = Debug|Any CPU
		{BE95FEAE-241C-4DDE-9F8F-12C9225650C1}.Release|Any CPU.ActiveCfg = Release|Any CPU
		{BE95FEAE-241C-4DDE-9F8F-12C9225650C1}.Release|Any CPU.Build.0 = Release|Any CPU
	EndGlobalSection
	GlobalSection(SolutionProperties) = preSolution
		HideSolutionNode = FALSE
	EndGlobalSection
	GlobalSection(ExtensibilityGlobals) = postSolution
		SolutionGuid = {2438EF31-E41D-487A-B97D-22C1E5B4A848}
	EndGlobalSection
EndGlobal
