
Microsoft Visual Studio Solution File, Format Version 12.00
# Visual Studio Version 17
VisualStudioVersion = 17.0.32126.317
MinimumVisualStudioVersion = 10.0.40219.1
Project("{FAE04EC0-301F-11D3-BF4B-00C04F79EFBC}") = "MiltilevelInheritanceDemo2", "MiltilevelInheritanceDemo2\MiltilevelInheritanceDemo2.csproj", "{4A8360DD-4A8B-46AB-BD7B-E34A30B53F94}"
EndProject
Global
	GlobalSection(SolutionConfigurationPlatforms) = preSolution
		Debug|Any CPU = Debug|Any CPU
		Release|Any CPU = Release|Any CPU
	EndGlobalSection
	GlobalSection(ProjectConfigurationPlatforms) = postSolution
		{4A8360DD-4A8B-46AB-BD7B-E34A30B53F94}.Debug|Any CPU.ActiveCfg = Debug|Any CPU
		{4A8360DD-4A8B-46AB-BD7B-E34A30B53F94}.Debug|Any CPU.Build.0 = Debug|Any CPU
		{4A8360DD-4A8B-46AB-BD7B-E34A30B53F94}.Release|Any CPU.ActiveCfg = Release|Any CPU
		{4A8360DD-4A8B-46AB-BD7B-E34A30B53F94}.Release|Any CPU.Build.0 = Release|Any CPU
	EndGlobalSection
	GlobalSection(SolutionProperties) = preSolution
		HideSolutionNode = FALSE
	EndGlobalSection
	GlobalSection(ExtensibilityGlobals) = postSolution
		SolutionGuid = {A09415F8-469D-4CD9-8DD9-51B14DB038F9}
	EndGlobalSection
EndGlobal
