
Microsoft Visual Studio Solution File, Format Version 12.00
# Visual Studio Version 17
VisualStudioVersion = 17.0.32126.317
MinimumVisualStudioVersion = 10.0.40219.1
Project("{FAE04EC0-301F-11D3-BF4B-00C04F79EFBC}") = "InheritanceDemo3", "InheritanceDemo3\InheritanceDemo3.csproj", "{F9B91B51-8ED6-4B02-A2C2-F3FD9902D509}"
EndProject
Global
	GlobalSection(SolutionConfigurationPlatforms) = preSolution
		Debug|Any CPU = Debug|Any CPU
		Release|Any CPU = Release|Any CPU
	EndGlobalSection
	GlobalSection(ProjectConfigurationPlatforms) = postSolution
		{F9B91B51-8ED6-4B02-A2C2-F3FD9902D509}.Debug|Any CPU.ActiveCfg = Debug|Any CPU
		{F9B91B51-8ED6-4B02-A2C2-F3FD9902D509}.Debug|Any CPU.Build.0 = Debug|Any CPU
		{F9B91B51-8ED6-4B02-A2C2-F3FD9902D509}.Release|Any CPU.ActiveCfg = Release|Any CPU
		{F9B91B51-8ED6-4B02-A2C2-F3FD9902D509}.Release|Any CPU.Build.0 = Release|Any CPU
	EndGlobalSection
	GlobalSection(SolutionProperties) = preSolution
		HideSolutionNode = FALSE
	EndGlobalSection
	GlobalSection(ExtensibilityGlobals) = postSolution
		SolutionGuid = {31A45F75-9A06-4FEF-9122-A5CCE74C8F4C}
	EndGlobalSection
EndGlobal
