
Microsoft Visual Studio Solution File, Format Version 12.00
# Visual Studio Version 17
VisualStudioVersion = 17.1.32210.238
MinimumVisualStudioVersion = 10.0.40219.1
Project("{FAE04EC0-301F-11D3-BF4B-00C04F79EFBC}") = "Default_Value_GetterOnly_Demo", "Default_Value_GetterOnly_Demo\Default_Value_GetterOnly_Demo.csproj", "{12C98876-C666-46CA-B9B2-0B5F0AF0E28D}"
EndProject
Global
	GlobalSection(SolutionConfigurationPlatforms) = preSolution
		Debug|Any CPU = Debug|Any CPU
		Release|Any CPU = Release|Any CPU
	EndGlobalSection
	GlobalSection(ProjectConfigurationPlatforms) = postSolution
		{12C98876-C666-46CA-B9B2-0B5F0AF0E28D}.Debug|Any CPU.ActiveCfg = Debug|Any CPU
		{12C98876-C666-46CA-B9B2-0B5F0AF0E28D}.Debug|Any CPU.Build.0 = Debug|Any CPU
		{12C98876-C666-46CA-B9B2-0B5F0AF0E28D}.Release|Any CPU.ActiveCfg = Release|Any CPU
		{12C98876-C666-46CA-B9B2-0B5F0AF0E28D}.Release|Any CPU.Build.0 = Release|Any CPU
	EndGlobalSection
	GlobalSection(SolutionProperties) = preSolution
		HideSolutionNode = FALSE
	EndGlobalSection
	GlobalSection(ExtensibilityGlobals) = postSolution
		SolutionGuid = {153502C1-80F7-49F8-A65C-976C5D39D150}
	EndGlobalSection
EndGlobal
