
Microsoft Visual Studio Solution File, Format Version 12.00
# Visual Studio Version 17
VisualStudioVersion = 17.1.32210.238
MinimumVisualStudioVersion = 10.0.40219.1
Project("{FAE04EC0-301F-11D3-BF4B-00C04F79EFBC}") = "Anonymous_Method_demo", "Anonymous_Method_demo\Anonymous_Method_demo.csproj", "{7FD508DA-0A6C-4EAB-BA3B-64044B934D4F}"
EndProject
Global
	GlobalSection(SolutionConfigurationPlatforms) = preSolution
		Debug|Any CPU = Debug|Any CPU
		Release|Any CPU = Release|Any CPU
	EndGlobalSection
	GlobalSection(ProjectConfigurationPlatforms) = postSolution
		{7FD508DA-0A6C-4EAB-BA3B-64044B934D4F}.Debug|Any CPU.ActiveCfg = Debug|Any CPU
		{7FD508DA-0A6C-4EAB-BA3B-64044B934D4F}.Debug|Any CPU.Build.0 = Debug|Any CPU
		{7FD508DA-0A6C-4EAB-BA3B-64044B934D4F}.Release|Any CPU.ActiveCfg = Release|Any CPU
		{7FD508DA-0A6C-4EAB-BA3B-64044B934D4F}.Release|Any CPU.Build.0 = Release|Any CPU
	EndGlobalSection
	GlobalSection(SolutionProperties) = preSolution
		HideSolutionNode = FALSE
	EndGlobalSection
	GlobalSection(ExtensibilityGlobals) = postSolution
		SolutionGuid = {428E97ED-F439-4A06-B53F-D243FBD9BA40}
	EndGlobalSection
EndGlobal
