
Microsoft Visual Studio Solution File, Format Version 12.00
# Visual Studio Version 17
VisualStudioVersion = 17.0.32126.317
MinimumVisualStudioVersion = 10.0.40219.1
Project("{FAE04EC0-301F-11D3-BF4B-00C04F79EFBC}") = "Hierarchical Inheritance", "Hierarchical Inheritance\Hierarchical Inheritance.csproj", "{129080FC-A1BE-4B07-9FFF-9F484ADF2322}"
EndProject
Global
	GlobalSection(SolutionConfigurationPlatforms) = preSolution
		Debug|Any CPU = Debug|Any CPU
		Release|Any CPU = Release|Any CPU
	EndGlobalSection
	GlobalSection(ProjectConfigurationPlatforms) = postSolution
		{129080FC-A1BE-4B07-9FFF-9F484ADF2322}.Debug|Any CPU.ActiveCfg = Debug|Any CPU
		{129080FC-A1BE-4B07-9FFF-9F484ADF2322}.Debug|Any CPU.Build.0 = Debug|Any CPU
		{129080FC-A1BE-4B07-9FFF-9F484ADF2322}.Release|Any CPU.ActiveCfg = Release|Any CPU
		{129080FC-A1BE-4B07-9FFF-9F484ADF2322}.Release|Any CPU.Build.0 = Release|Any CPU
	EndGlobalSection
	GlobalSection(SolutionProperties) = preSolution
		HideSolutionNode = FALSE
	EndGlobalSection
	GlobalSection(ExtensibilityGlobals) = postSolution
		SolutionGuid = {292785FF-79EA-4CCF-B526-A7538474DFB5}
	EndGlobalSection
EndGlobal
