
Microsoft Visual Studio Solution File, Format Version 12.00
# Visual Studio Version 17
VisualStudioVersion = 17.0.32126.317
MinimumVisualStudioVersion = 10.0.40219.1
Project("{FAE04EC0-301F-11D3-BF4B-00C04F79EFBC}") = "PassingValueDemo", "PassingValueDemo\PassingValueDemo.csproj", "{78976533-061F-4C33-9FEF-F73807D3552E}"
EndProject
Global
	GlobalSection(SolutionConfigurationPlatforms) = preSolution
		Debug|Any CPU = Debug|Any CPU
		Release|Any CPU = Release|Any CPU
	EndGlobalSection
	GlobalSection(ProjectConfigurationPlatforms) = postSolution
		{78976533-061F-4C33-9FEF-F73807D3552E}.Debug|Any CPU.ActiveCfg = Debug|Any CPU
		{78976533-061F-4C33-9FEF-F73807D3552E}.Debug|Any CPU.Build.0 = Debug|Any CPU
		{78976533-061F-4C33-9FEF-F73807D3552E}.Release|Any CPU.ActiveCfg = Release|Any CPU
		{78976533-061F-4C33-9FEF-F73807D3552E}.Release|Any CPU.Build.0 = Release|Any CPU
	EndGlobalSection
	GlobalSection(SolutionProperties) = preSolution
		HideSolutionNode = FALSE
	EndGlobalSection
	GlobalSection(ExtensibilityGlobals) = postSolution
		SolutionGuid = {5C13E65D-DF4F-479E-9BB3-13845556D6DA}
	EndGlobalSection
EndGlobal
