
Microsoft Visual Studio Solution File, Format Version 12.00
# Visual Studio Version 17
VisualStudioVersion = 17.0.32126.317
MinimumVisualStudioVersion = 10.0.40219.1
Project("{FAE04EC0-301F-11D3-BF4B-00C04F79EFBC}") = "MethodOverrideing3", "MethodOverrideing3\MethodOverrideing3.csproj", "{2481685A-A8D7-4813-9FF0-31DFC54DB42E}"
EndProject
Global
	GlobalSection(SolutionConfigurationPlatforms) = preSolution
		Debug|Any CPU = Debug|Any CPU
		Release|Any CPU = Release|Any CPU
	EndGlobalSection
	GlobalSection(ProjectConfigurationPlatforms) = postSolution
		{2481685A-A8D7-4813-9FF0-31DFC54DB42E}.Debug|Any CPU.ActiveCfg = Debug|Any CPU
		{2481685A-A8D7-4813-9FF0-31DFC54DB42E}.Debug|Any CPU.Build.0 = Debug|Any CPU
		{2481685A-A8D7-4813-9FF0-31DFC54DB42E}.Release|Any CPU.ActiveCfg = Release|Any CPU
		{2481685A-A8D7-4813-9FF0-31DFC54DB42E}.Release|Any CPU.Build.0 = Release|Any CPU
	EndGlobalSection
	GlobalSection(SolutionProperties) = preSolution
		HideSolutionNode = FALSE
	EndGlobalSection
	GlobalSection(ExtensibilityGlobals) = postSolution
		SolutionGuid = {AAB05CA7-9949-449D-AB3B-4F1B1B2C2F71}
	EndGlobalSection
EndGlobal
