
Microsoft Visual Studio Solution File, Format Version 12.00
# Visual Studio Version 17
VisualStudioVersion = 17.1.32228.430
MinimumVisualStudioVersion = 10.0.40219.1
Project("{FAE04EC0-301F-11D3-BF4B-00C04F79EFBC}") = "LinqDemo(Concatination)", "LinqDemo(Concatination)\LinqDemo(Concatination).csproj", "{22328474-DAE9-42B4-BB4E-C530B26CD97B}"
EndProject
Global
	GlobalSection(SolutionConfigurationPlatforms) = preSolution
		Debug|Any CPU = Debug|Any CPU
		Release|Any CPU = Release|Any CPU
	EndGlobalSection
	GlobalSection(ProjectConfigurationPlatforms) = postSolution
		{22328474-DAE9-42B4-BB4E-C530B26CD97B}.Debug|Any CPU.ActiveCfg = Debug|Any CPU
		{22328474-DAE9-42B4-BB4E-C530B26CD97B}.Debug|Any CPU.Build.0 = Debug|Any CPU
		{22328474-DAE9-42B4-BB4E-C530B26CD97B}.Release|Any CPU.ActiveCfg = Release|Any CPU
		{22328474-DAE9-42B4-BB4E-C530B26CD97B}.Release|Any CPU.Build.0 = Release|Any CPU
	EndGlobalSection
	GlobalSection(SolutionProperties) = preSolution
		HideSolutionNode = FALSE
	EndGlobalSection
	GlobalSection(ExtensibilityGlobals) = postSolution
		SolutionGuid = {346325CB-386D-4A84-BB4D-5DDB5BCCD2E9}
	EndGlobalSection
EndGlobal
