
Microsoft Visual Studio Solution File, Format Version 12.00
# Visual Studio Version 17
VisualStudioVersion = 17.0.32126.317
MinimumVisualStudioVersion = 10.0.40219.1
Project("{FAE04EC0-301F-11D3-BF4B-00C04F79EFBC}") = "GtterSetter_Demo2", "GtterSetter_Demo2\GtterSetter_Demo2.csproj", "{BD11DA64-49D7-4499-AE92-C482F2115995}"
EndProject
Global
	GlobalSection(SolutionConfigurationPlatforms) = preSolution
		Debug|Any CPU = Debug|Any CPU
		Release|Any CPU = Release|Any CPU
	EndGlobalSection
	GlobalSection(ProjectConfigurationPlatforms) = postSolution
		{BD11DA64-49D7-4499-AE92-C482F2115995}.Debug|Any CPU.ActiveCfg = Debug|Any CPU
		{BD11DA64-49D7-4499-AE92-C482F2115995}.Debug|Any CPU.Build.0 = Debug|Any CPU
		{BD11DA64-49D7-4499-AE92-C482F2115995}.Release|Any CPU.ActiveCfg = Release|Any CPU
		{BD11DA64-49D7-4499-AE92-C482F2115995}.Release|Any CPU.Build.0 = Release|Any CPU
	EndGlobalSection
	GlobalSection(SolutionProperties) = preSolution
		HideSolutionNode = FALSE
	EndGlobalSection
	GlobalSection(ExtensibilityGlobals) = postSolution
		SolutionGuid = {F6A1BC93-39C0-4203-B08B-1A50D474BAFF}
	EndGlobalSection
EndGlobal
