
Microsoft Visual Studio Solution File, Format Version 12.00
# Visual Studio Version 17
VisualStudioVersion = 17.0.32126.317
MinimumVisualStudioVersion = 10.0.40219.1
Project("{FAE04EC0-301F-11D3-BF4B-00C04F79EFBC}") = "firstConsoleApplication2", "firstConsoleApplication2\firstConsoleApplication2.csproj", "{AA2B2FC7-BF2A-44B7-9977-CB0ACECE369F}"
EndProject
Global
	GlobalSection(SolutionConfigurationPlatforms) = preSolution
		Debug|Any CPU = Debug|Any CPU
		Release|Any CPU = Release|Any CPU
	EndGlobalSection
	GlobalSection(ProjectConfigurationPlatforms) = postSolution
		{AA2B2FC7-BF2A-44B7-9977-CB0ACECE369F}.Debug|Any CPU.ActiveCfg = Debug|Any CPU
		{AA2B2FC7-BF2A-44B7-9977-CB0ACECE369F}.Debug|Any CPU.Build.0 = Debug|Any CPU
		{AA2B2FC7-BF2A-44B7-9977-CB0ACECE369F}.Release|Any CPU.ActiveCfg = Release|Any CPU
		{AA2B2FC7-BF2A-44B7-9977-CB0ACECE369F}.Release|Any CPU.Build.0 = Release|Any CPU
	EndGlobalSection
	GlobalSection(SolutionProperties) = preSolution
		HideSolutionNode = FALSE
	EndGlobalSection
	GlobalSection(ExtensibilityGlobals) = postSolution
		SolutionGuid = {4029D81C-B40F-4DFF-8DBF-6FF7C586BB4C}
	EndGlobalSection
EndGlobal
