
Microsoft Visual Studio Solution File, Format Version 12.00
# Visual Studio Version 17
VisualStudioVersion = 17.1.32210.238
MinimumVisualStudioVersion = 10.0.40219.1
Project("{FAE04EC0-301F-11D3-BF4B-00C04F79EFBC}") = "ExpressionBodiedMembersExample", "ExpressionBodiedMembersExample\ExpressionBodiedMembersExample.csproj", "{E04AC793-2913-4C4F-AAC9-12926B419FA8}"
EndProject
Global
	GlobalSection(SolutionConfigurationPlatforms) = preSolution
		Debug|Any CPU = Debug|Any CPU
		Release|Any CPU = Release|Any CPU
	EndGlobalSection
	GlobalSection(ProjectConfigurationPlatforms) = postSolution
		{E04AC793-2913-4C4F-AAC9-12926B419FA8}.Debug|Any CPU.ActiveCfg = Debug|Any CPU
		{E04AC793-2913-4C4F-AAC9-12926B419FA8}.Debug|Any CPU.Build.0 = Debug|Any CPU
		{E04AC793-2913-4C4F-AAC9-12926B419FA8}.Release|Any CPU.ActiveCfg = Release|Any CPU
		{E04AC793-2913-4C4F-AAC9-12926B419FA8}.Release|Any CPU.Build.0 = Release|Any CPU
	EndGlobalSection
	GlobalSection(SolutionProperties) = preSolution
		HideSolutionNode = FALSE
	EndGlobalSection
	GlobalSection(ExtensibilityGlobals) = postSolution
		SolutionGuid = {824D05F9-65E3-4E59-B45C-2F7A72493BAD}
	EndGlobalSection
EndGlobal
