
Microsoft Visual Studio Solution File, Format Version 12.00
# Visual Studio Version 17
VisualStudioVersion = 17.1.32210.238
MinimumVisualStudioVersion = 10.0.40219.1
Project("{FAE04EC0-301F-11D3-BF4B-00C04F79EFBC}") = "ReferanceDemo", "ReferanceDemo\ReferanceDemo.csproj", "{33D25E5E-7EF5-4C2F-B32C-A82F9FB0736F}"
EndProject
Global
	GlobalSection(SolutionConfigurationPlatforms) = preSolution
		Debug|Any CPU = Debug|Any CPU
		Release|Any CPU = Release|Any CPU
	EndGlobalSection
	GlobalSection(ProjectConfigurationPlatforms) = postSolution
		{33D25E5E-7EF5-4C2F-B32C-A82F9FB0736F}.Debug|Any CPU.ActiveCfg = Debug|Any CPU
		{33D25E5E-7EF5-4C2F-B32C-A82F9FB0736F}.Debug|Any CPU.Build.0 = Debug|Any CPU
		{33D25E5E-7EF5-4C2F-B32C-A82F9FB0736F}.Release|Any CPU.ActiveCfg = Release|Any CPU
		{33D25E5E-7EF5-4C2F-B32C-A82F9FB0736F}.Release|Any CPU.Build.0 = Release|Any CPU
	EndGlobalSection
	GlobalSection(SolutionProperties) = preSolution
		HideSolutionNode = FALSE
	EndGlobalSection
	GlobalSection(ExtensibilityGlobals) = postSolution
		SolutionGuid = {67F00714-D6FE-4DEE-A47C-A1C00ACE6F97}
	EndGlobalSection
EndGlobal
